
Microsoft Visual Studio Solution File, Format Version 12.00
# Visual Studio Version 16
VisualStudioVersion = 16.0.32802.440
MinimumVisualStudioVersion = 10.0.40219.1
Project("{FAE04EC0-301F-11D3-BF4B-00C04F79EFBC}") = "SignalR.API", "SignalR.API\SignalR.API.csproj", "{5EBDB17F-C650-4571-9D9D-54A682366466}"
EndProject
Project("{FAE04EC0-301F-11D3-BF4B-00C04F79EFBC}") = "SignalR.Web", "SignalR.Web\SignalR.Web.csproj", "{F1BC67E8-75D2-4085-992A-B966F9699E8A}"
EndProject
Global
	GlobalSection(SolutionConfigurationPlatforms) = preSolution
		Debug|Any CPU = Debug|Any CPU
		Release|Any CPU = Release|Any CPU
	EndGlobalSection
	GlobalSection(ProjectConfigurationPlatforms) = postSolution
		{5EBDB17F-C650-4571-9D9D-54A682366466}.Debug|Any CPU.ActiveCfg = Debug|Any CPU
		{5EBDB17F-C650-4571-9D9D-54A682366466}.Debug|Any CPU.Build.0 = Debug|Any CPU
		{5EBDB17F-C650-4571-9D9D-54A682366466}.Release|Any CPU.ActiveCfg = Release|Any CPU
		{5EBDB17F-C650-4571-9D9D-54A682366466}.Release|Any CPU.Build.0 = Release|Any CPU
		{F1BC67E8-75D2-4085-992A-B966F9699E8A}.Debug|Any CPU.ActiveCfg = Debug|Any CPU
		{F1BC67E8-75D2-4085-992A-B966F9699E8A}.Debug|Any CPU.Build.0 = Debug|Any CPU
		{F1BC67E8-75D2-4085-992A-B966F9699E8A}.Release|Any CPU.ActiveCfg = Release|Any CPU
		{F1BC67E8-75D2-4085-992A-B966F9699E8A}.Release|Any CPU.Build.0 = Release|Any CPU
	EndGlobalSection
	GlobalSection(SolutionProperties) = preSolution
		HideSolutionNode = FALSE
	EndGlobalSection
	GlobalSection(ExtensibilityGlobals) = postSolution
		SolutionGuid = {56BB4B92-5668-47EB-B18A-3D23A045FF9B}
	EndGlobalSection
EndGlobal
